
Microsoft Visual Studio Solution File, Format Version 12.00
# Visual Studio Version 16
VisualStudioVersion = 16.0.31205.134
MinimumVisualStudioVersion = 10.0.40219.1
Project("{F16D4249-6279-474E-8826-742E7FF7445C}") = "snaker2021", "snaker2021\snaker2021.z80cdproj", "{72D16FA1-63CE-4D19-BDB6-0CEC7B095528}"
EndProject
Global
	GlobalSection(SolutionProperties) = preSolution
		HideSolutionNode = FALSE
	EndGlobalSection
	GlobalSection(ExtensibilityGlobals) = postSolution
		SolutionGuid = {AF7A99E0-067A-423A-99E9-8437A12A846C}
	EndGlobalSection
EndGlobal
